// !$*UTF8*$!
{
	archiveVersion = 1;
	classes = {
	};
	objectVersion = 46;
	objects = {

/* Begin PBXBuildFile section */
		C9D678A21E53376C006ED6E8 /* main.m in Sources */ = {isa = PBXBuildFile; fileRef = C9D678A11E53376C006ED6E8 /* main.m */; };
		C9D678A51E53376C006ED6E8 /* AppDelegate.m in Sources */ = {isa = PBXBuildFile; fileRef = C9D678A41E53376C006ED6E8 /* AppDelegate.m */; };
		C9D678A81E53376C006ED6E8 /* ViewController.m in Sources */ = {isa = PBXBuildFile; fileRef = C9D678A71E53376C006ED6E8 /* ViewController.m */; };
		C9D678AB1E53376C006ED6E8 /* Main.storyboard in Resources */ = {isa = PBXBuildFile; fileRef = C9D678A91E53376C006ED6E8 /* Main.storyboard */; };
		C9D678AD1E53376C006ED6E8 /* Assets.xcassets in Resources */ = {isa = PBXBuildFile; fileRef = C9D678AC1E53376C006ED6E8 /* Assets.xcassets */; };
		C9D678B01E53376C006ED6E8 /* LaunchScreen.storyboard in Resources */ = {isa = PBXBuildFile; fileRef = C9D678AE1E53376C006ED6E8 /* LaunchScreen.storyboard */; };
		C9D678BA1E53453E006ED6E8 /* creme_brelee.jpg in Resources */ = {isa = PBXBuildFile; fileRef = C9D678B91E53453E006ED6E8 /* creme_brelee.jpg */; };
/* End PBXBuildFile section */

/* Begin PBXFileReference section */
		C9D6789D1E53376C006ED6E8 /* TableView.app */ = {isa = PBXFileReference; explicitFileType = wrapper.application; includeInIndex = 0; path = TableView.app; sourceTree = BUILT_PRODUCTS_DIR; };
		C9D678A11E53376C006ED6E8 /* main.m */ = {isa = PBXFileReference; lastKnownFileType = sourcecode.c.objc; path = main.m; sourceTree = "<group>"; };
		C9D678A31E53376C006ED6E8 /* AppDelegate.h */ = {isa = PBXFileReference; lastKnownFileType = sourcecode.c.h; path = AppDelegate.h; sourceTree = "<group>"; };
		C9D678A41E53376C006ED6E8 /* AppDelegate.m */ = {isa = PBXFileReference; lastKnownFileType = sourcecode.c.objc; path = AppDelegate.m; sourceTree = "<group>"; };
		C9D678A61E53376C006ED6E8 /* ViewController.h */ = {isa = PBXFileReference; lastKnownFileType = sourcecode.c.h; path = ViewController.h; sourceTree = "<group>"; };
		C9D678A71E53376C006ED6E8 /* ViewController.m */ = {isa = PBXFileReference; lastKnownFileType = sourcecode.c.objc; path = ViewController.m; sourceTree = "<group>"; };
		C9D678AA1E53376C006ED6E8 /* Base */ = {isa = PBXFileReference; lastKnownFileType = file.storyboard; name = Base; path = Base.lproj/Main.storyboard; sourceTree = "<group>"; };
		C9D678AC1E53376C006ED6E8 /* Assets.xcassets */ = {isa = PBXFileReference; lastKnownFileType = folder.assetcatalog; path = Assets.xcassets; sourceTree = "<group>"; };
		C9D678AF1E53376C006ED6E8 /* Base */ = {isa = PBXFileReference; lastKnownFileType = file.storyboard; name = Base; path = Base.lproj/LaunchScreen.storyboard; sourceTree = "<group>"; };
		C9D678B11E53376C006ED6E8 /* Info.plist */ = {isa = PBXFileReference; lastKnownFileType = text.plist.xml; path = Info.plist; sourceTree = "<group>"; };
		C9D678B91E53453E006ED6E8 /* creme_brelee.jpg */ = {isa = PBXFileReference; lastKnownFileType = image.jpeg; name = creme_brelee.jpg; path = ../../creme_brelee.jpg; sourceTree = "<group>"; };
/* End PBXFileReference section */

/* Begin PBXFrameworksBuildPhase section */
		C9D6789A1E53376C006ED6E8 /* Frameworks */ = {
			isa = PBXFrameworksBuildPhase;
			buildActionMask = 2147483647;
			files = (
			);
			runOnlyForDeploymentPostprocessing = 0;
		};
/* End PBXFrameworksBuildPhase section */

/* Begin PBXGroup section */
		C9D678941E53376C006ED6E8 = {
			isa = PBXGroup;
			children = (
				C9D6789F1E53376C006ED6E8 /* TableView */,
				C9D6789E1E53376C006ED6E8 /* Products */,
			);
			sourceTree = "<group>";
		};
		C9D6789E1E53376C006ED6E8 /* Products */ = {
			isa = PBXGroup;
			children = (
				C9D6789D1E53376C006ED6E8 /* TableView.app */,
			);
			name = Products;
			sourceTree = "<group>";
		};
		C9D6789F1E53376C006ED6E8 /* TableView */ = {
			isa = PBXGroup;
			children = (
				C9D678B91E53453E006ED6E8 /* creme_brelee.jpg */,
				C9D678A31E53376C006ED6E8 /* AppDelegate.h */,
				C9D678A41E53376C006ED6E8 /* AppDelegate.m */,
				C9D678A61E53376C006ED6E8 /* ViewController.h */,
				C9D678A71E53376C006ED6E8 /* ViewController.m */,
				C9D678A91E53376C006ED6E8 /* Main.storyboard */,
				C9D678AC1E53376C006ED6E8 /* Assets.xcassets */,
				C9D678AE1E53376C006ED6E8 /* LaunchScreen.storyboard */,
				C9D678B11E53376C006ED6E8 /* Info.plist */,
				C9D678A01E53376C006ED6E8 /* Supporting Files */,
			);
			path = TableView;
			sourceTree = "<group>";
		};
		C9D678A01E53376C006ED6E8 /* Supporting Files */ = {
			isa = PBXGroup;
			children = (
				C9D678A11E53376C006ED6E8 /* main.m */,
			);
			name = "Supporting Files";
			sourceTree = "<group>";
		};
/* End PBXGroup section */

/* Begin PBXNativeTarget section */
		C9D6789C1E53376C006ED6E8 /* TableView */ = {
			isa = PBXNativeTarget;
			buildConfigurationList = C9D678B41E53376C006ED6E8 /* Build configuration list for PBXNativeTarget "TableView" */;
			buildPhases = (
				C9D678991E53376C006ED6E8 /* Sources */,
				C9D6789A1E53376C006ED6E8 /* Frameworks */,
				C9D6789B1E53376C006ED6E8 /* Resources */,
			);
			buildRules = (
			);
			dependencies = (
			);
			name = TableView;
			productName = TableView;
			productReference = C9D6789D1E53376C006ED6E8 /* TableView.app */;
			productType = "com.apple.product-type.application";
		};
/* End PBXNativeTarget section */

/* Begin PBXProject section */
		C9D678951E53376C006ED6E8 /* Project object */ = {
			isa = PBXProject;
			attributes = {
				LastUpgradeCheck = 0810;
				ORGANIZATIONNAME = Training;
				TargetAttributes = {
					C9D6789C1E53376C006ED6E8 = {
						CreatedOnToolsVersion = 8.1;
						ProvisioningStyle = Automatic;
					};
				};
			};
			buildConfigurationList = C9D678981E53376C006ED6E8 /* Build configuration list for PBXProject "TableView" */;
			compatibilityVersion = "Xcode 3.2";
			developmentRegion = English;
			hasScannedForEncodings = 0;
			knownRegions = (
				en,
				Base,
			);
			mainGroup = C9D678941E53376C006ED6E8;
			productRefGroup = C9D6789E1E53376C006ED6E8 /* Products */;
			projectDirPath = "";
			projectRoot = "";
			targets = (
				C9D6789C1E53376C006ED6E8 /* TableView */,
			);
		};
/* End PBXProject section */

/* Begin PBXResourcesBuildPhase section */
		C9D6789B1E53376C006ED6E8 /* Resources */ = {
			isa = PBXResourcesBuildPhase;
			buildActionMask = 2147483647;
			files = (
				C9D678B01E53376C006ED6E8 /* LaunchScreen.storyboard in Resources */,
				C9D678BA1E53453E006ED6E8 /* creme_brelee.jpg in Resources */,
				C9D678AD1E53376C006ED6E8 /* Assets.xcassets in Resources */,
				C9D678AB1E53376C006ED6E8 /* Main.storyboard in Resources */,
			);
			runOnlyForDeploymentPostprocessing = 0;
		};
/* End PBXResourcesBuildPhase section */

/* Begin PBXSourcesBuildPhase section */
		C9D678991E53376C006ED6E8 /* Sources */ = {
			isa = PBXSourcesBuildPhase;
			buildActionMask = 2147483647;
			files = (
				C9D678A81E53376C006ED6E8 /* ViewController.m in Sources */,
				C9D678A51E53376C006ED6E8 /* AppDelegate.m in Sources */,
				C9D678A21E53376C006ED6E8 /* main.m in Sources */,
			);
			runOnlyForDeploymentPostprocessing = 0;
		};
/* End PBXSourcesBuildPhase section */

/* Begin PBXVariantGroup section */
		C9D678A91E53376C006ED6E8 /* Main.storyboard */ = {
			isa = PBXVariantGroup;
			children = (
				C9D678AA1E53376C006ED6E8 /* Base */,
			);
			name = Main.storyboard;
			sourceTree = "<group>";
		};
		C9D678AE1E53376C006ED6E8 /* LaunchScreen.storyboard */ = {
			isa = PBXVariantGroup;
			children = (
				C9D678AF1E53376C006ED6E8 /* Base */,
			);
			name = LaunchScreen.storyboard;
			sourceTree = "<group>";
		};
/* End PBXVariantGroup section */

/* Begin XCBuildConfiguration section */
		C9D678B21E53376C006ED6E8 /* Debug */ = {
			isa = XCBuildConfiguration;
			buildSettings = {
				ALWAYS_SEARCH_USER_PATHS = NO;
				CLANG_ANALYZER_NONNULL = YES;
				CLANG_CXX_LANGUAGE_STANDARD = "gnu++0x";
				CLANG_CXX_LIBRARY = "libc++";
				CLANG_ENABLE_MODULES = YES;
				CLANG_ENABLE_OBJC_ARC = YES;
				CLANG_WARN_BOOL_CONVERSION = YES;
				CLANG_WARN_CONSTANT_CONVERSION = YES;
				CLANG_WARN_DIRECT_OBJC_ISA_USAGE = YES_ERROR;
				CLANG_WARN_DOCUMENTATION_COMMENTS = YES;
				CLANG_WARN_EMPTY_BODY = YES;
				CLANG_WARN_ENUM_CONVERSION = YES;
				CLANG_WARN_INFINITE_RECURSION = YES;
				CLANG_WARN_INT_CONVERSION = YES;
				CLANG_WARN_OBJC_ROOT_CLASS = YES_ERROR;
				CLANG_WARN_SUSPICIOUS_MOVES = YES;
				CLANG_WARN_UNREACHABLE_CODE = YES;
				CLANG_WARN__DUPLICATE_METHOD_MATCH = YES;
				"CODE_SIGN_IDENTITY[sdk=iphoneos*]" = "iPhone Developer";
				COPY_PHASE_STRIP = NO;
				DEBUG_INFORMATION_FORMAT = dwarf;
				ENABLE_STRICT_OBJC_MSGSEND = YES;
				ENABLE_TESTABILITY = YES;
				GCC_C_LANGUAGE_STANDARD = gnu99;
				GCC_DYNAMIC_NO_PIC = NO;
				GCC_NO_COMMON_BLOCKS = YES;
				GCC_OPTIMIZATION_LEVEL = 0;
				GCC_PREPROCESSOR_DEFINITIONS = (
					"DEBUG=1",
					"$(inherited)",
				);
				GCC_WARN_64_TO_32_BIT_CONVERSION = YES;
				GCC_WARN_ABOUT_RETURN_TYPE = YES_ERROR;
				GCC_WARN_UNDECLARED_SELECTOR = YES;
				GCC_WARN_UNINITIALIZED_AUTOS = YES_AGGRESSIVE;
				GCC_WARN_UNUSED_FUNCTION = YES;
				GCC_WARN_UNUSED_VARIABLE = YES;
				IPHONEOS_DEPLOYMENT_TARGET = 10.1;
				MTL_ENABLE_DEBUG_INFO = YES;
				ONLY_ACTIVE_ARCH = YES;
				SDKROOT = iphoneos;
			};
			name = Debug;
		};
		C9D678B31E53376C006ED6E8 /* Release */ = {
			isa = XCBuildConfiguration;
			buildSettings = {
				ALWAYS_SEARCH_USER_PATHS = NO;
				CLANG_ANALYZER_NONNULL = YES;
				CLANG_CXX_LANGUAGE_STANDARD = "gnu++0x";
				CLANG_CXX_LIBRARY = "libc++";
				CLANG_ENABLE_MODULES = YES;
				CLANG_ENABLE_OBJC_ARC = YES;
				CLANG_WARN_BOOL_CONVERSION = YES;
				CLANG_WARN_CONSTANT_CONVERSION = YES;
				CLANG_WARN_DIRECT_OBJC_ISA_USAGE = YES_ERROR;
				CLANG_WARN_DOCUMENTATION_COMMENTS = YES;
				CLANG_WARN_EMPTY_BODY = YES;
				CLANG_WARN_ENUM_CONVERSION = YES;
				CLANG_WARN_INFINITE_RECURSION = YES;
				CLANG_WARN_INT_CONVERSION = YES;
				CLANG_WARN_OBJC_ROOT_CLASS = YES_ERROR;
				CLANG_WARN_SUSPICIOUS_MOVES = YES;
				CLANG_WARN_UNREACHABLE_CODE = YES;
				CLANG_WARN__DUPLICATE_METHOD_MATCH = YES;
				"CODE_SIGN_IDENTITY[sdk=iphoneos*]" = "iPhone Developer";
				COPY_PHASE_STRIP = NO;
				DEBUG_INFORMATION_FORMAT = "dwarf-with-dsym";
				ENABLE_NS_ASSERTIONS = NO;
				ENABLE_STRICT_OBJC_MSGSEND = YES;
				GCC_C_LANGUAGE_STANDARD = gnu99;
				GCC_NO_COMMON_BLOCKS = YES;
				GCC_WARN_64_TO_32_BIT_CONVERSION = YES;
				GCC_WARN_ABOUT_RETURN_TYPE = YES_ERROR;
				GCC_WARN_UNDECLARED_SELECTOR = YES;
				GCC_WARN_UNINITIALIZED_AUTOS = YES_AGGRESSIVE;
				GCC_WARN_UNUSED_FUNCTION = YES;
				GCC_WARN_UNUSED_VARIABLE = YES;
				IPHONEOS_DEPLOYMENT_TARGET = 10.1;
				MTL_ENABLE_DEBUG_INFO = NO;
				SDKROOT = iphoneos;
				VALIDATE_PRODUCT = YES;
			};
			name = Release;
		};
		C9D678B51E53376C006ED6E8 /* Debug */ = {
			isa = XCBuildConfiguration;
			buildSettings = {
				ASSETCATALOG_COMPILER_APPICON_NAME = AppIcon;
				INFOPLIST_FILE = TableView/Info.plist;
				LD_RUNPATH_SEARCH_PATHS = "$(inherited) @executable_path/Frameworks";
				PRODUCT_BUNDLE_IDENTIFIER = com.Training.TableView;
				PRODUCT_NAME = "$(TARGET_NAME)";
			};
			name = Debug;
		};
		C9D678B61E53376C006ED6E8 /* Release */ = {
			isa = XCBuildConfiguration;
			buildSettings = {
				ASSETCATALOG_COMPILER_APPICON_NAME = AppIcon;
				INFOPLIST_FILE = TableView/Info.plist;
				LD_RUNPATH_SEARCH_PATHS = "$(inherited) @executable_path/Frameworks";
				PRODUCT_BUNDLE_IDENTIFIER = com.Training.TableView;
				PRODUCT_NAME = "$(TARGET_NAME)";
			};
			name = Release;
		};
/* End XCBuildConfiguration section */

/* Begin XCConfigurationList section */
		C9D678981E53376C006ED6E8 /* Build configuration list for PBXProject "TableView" */ = {
			isa = XCConfigurationList;
			buildConfigurations = (
				C9D678B21E53376C006ED6E8 /* Debug */,
				C9D678B31E53376C006ED6E8 /* Release */,
			);
			defaultConfigurationIsVisible = 0;
			defaultConfigurationName = Release;
		};
		C9D678B41E53376C006ED6E8 /* Build configuration list for PBXNativeTarget "TableView" */ = {
			isa = XCConfigurationList;
			buildConfigurations = (
				C9D678B51E53376C006ED6E8 /* Debug */,
				C9D678B61E53376C006ED6E8 /* Release */,
			);
			defaultConfigurationIsVisible = 0;
		};
/* End XCConfigurationList section */
	};
	rootObject = C9D678951E53376C006ED6E8 /* Project object */;
}
